
Microsoft Visual Studio Solution File, Format Version 12.00
# Visual Studio Version 17
VisualStudioVersion = 17.2.32616.157
MinimumVisualStudioVersion = 10.0.40219.1
Project("{FAE04EC0-301F-11D3-BF4B-00C04F79EFBC}") = "SesliSessizApp", "SesliSessizApp\SesliSessizApp.csproj", "{EF0D0467-F89D-4890-9549-DF81D55188AB}"
EndProject
Global
	GlobalSection(SolutionConfigurationPlatforms) = preSolution
		Debug|Any CPU = Debug|Any CPU
		Release|Any CPU = Release|Any CPU
	EndGlobalSection
	GlobalSection(ProjectConfigurationPlatforms) = postSolution
		{EF0D0467-F89D-4890-9549-DF81D55188AB}.Debug|Any CPU.ActiveCfg = Debug|Any CPU
		{EF0D0467-F89D-4890-9549-DF81D55188AB}.Debug|Any CPU.Build.0 = Debug|Any CPU
		{EF0D0467-F89D-4890-9549-DF81D55188AB}.Release|Any CPU.ActiveCfg = Release|Any CPU
		{EF0D0467-F89D-4890-9549-DF81D55188AB}.Release|Any CPU.Build.0 = Release|Any CPU
	EndGlobalSection
	GlobalSection(SolutionProperties) = preSolution
		HideSolutionNode = FALSE
	EndGlobalSection
	GlobalSection(ExtensibilityGlobals) = postSolution
		SolutionGuid = {29258B85-2E4A-4B8F-AE3C-14A11EB578C6}
	EndGlobalSection
EndGlobal
